
Microsoft Visual Studio Solution File, Format Version 12.00
# Visual Studio Version 17
VisualStudioVersion = 17.0.31903.59
MinimumVisualStudioVersion = 10.0.40219.1
Project("{FAE04EC0-301F-11D3-BF4B-00C04F79EFBC}") = "auth", "src\auth\auth.csproj", "{1E0E8537-545C-B1B1-7A43-705785F3A211}"
EndProject
Project("{FAE04EC0-301F-11D3-BF4B-00C04F79EFBC}") = "Bff-app", "src\Bff-app\Bff-app.csproj", "{280859AC-7BCB-1E4A-534F-2BF76DC0A5DC}"
EndProject
Project("{FAE04EC0-301F-11D3-BF4B-00C04F79EFBC}") = "Bff-web", "src\Bff-web\Bff-web.csproj", "{B4D262A4-16FB-92D1-BCF5-7303D7902DD6}"
EndProject
Project("{FAE04EC0-301F-11D3-BF4B-00C04F79EFBC}") = "Core-api", "src\Core-api\Core-api.csproj", "{18C5F89D-8EEB-974B-1519-BE4DE0D966DA}"
EndProject
Global
	GlobalSection(SolutionConfigurationPlatforms) = preSolution
		Debug|Any CPU = Debug|Any CPU
		Release|Any CPU = Release|Any CPU
	EndGlobalSection
	GlobalSection(ProjectConfigurationPlatforms) = postSolution
		{1E0E8537-545C-B1B1-7A43-705785F3A211}.Debug|Any CPU.ActiveCfg = Debug|Any CPU
		{1E0E8537-545C-B1B1-7A43-705785F3A211}.Debug|Any CPU.Build.0 = Debug|Any CPU
		{1E0E8537-545C-B1B1-7A43-705785F3A211}.Release|Any CPU.ActiveCfg = Release|Any CPU
		{1E0E8537-545C-B1B1-7A43-705785F3A211}.Release|Any CPU.Build.0 = Release|Any CPU
		{280859AC-7BCB-1E4A-534F-2BF76DC0A5DC}.Debug|Any CPU.ActiveCfg = Debug|Any CPU
		{280859AC-7BCB-1E4A-534F-2BF76DC0A5DC}.Debug|Any CPU.Build.0 = Debug|Any CPU
		{280859AC-7BCB-1E4A-534F-2BF76DC0A5DC}.Release|Any CPU.ActiveCfg = Release|Any CPU
		{280859AC-7BCB-1E4A-534F-2BF76DC0A5DC}.Release|Any CPU.Build.0 = Release|Any CPU
		{B4D262A4-16FB-92D1-BCF5-7303D7902DD6}.Debug|Any CPU.ActiveCfg = Debug|Any CPU
		{B4D262A4-16FB-92D1-BCF5-7303D7902DD6}.Debug|Any CPU.Build.0 = Debug|Any CPU
		{B4D262A4-16FB-92D1-BCF5-7303D7902DD6}.Release|Any CPU.ActiveCfg = Release|Any CPU
		{B4D262A4-16FB-92D1-BCF5-7303D7902DD6}.Release|Any CPU.Build.0 = Release|Any CPU
		{18C5F89D-8EEB-974B-1519-BE4DE0D966DA}.Debug|Any CPU.ActiveCfg = Debug|Any CPU
		{18C5F89D-8EEB-974B-1519-BE4DE0D966DA}.Debug|Any CPU.Build.0 = Debug|Any CPU
		{18C5F89D-8EEB-974B-1519-BE4DE0D966DA}.Release|Any CPU.ActiveCfg = Release|Any CPU
		{18C5F89D-8EEB-974B-1519-BE4DE0D966DA}.Release|Any CPU.Build.0 = Release|Any CPU
	EndGlobalSection
	GlobalSection(SolutionProperties) = preSolution
		HideSolutionNode = FALSE
	EndGlobalSection
	GlobalSection(ExtensibilityGlobals) = postSolution
		SolutionGuid = {58E5A507-7D9D-4389-883B-E96087F1A96B}
	EndGlobalSection
EndGlobal
